
Microsoft Visual Studio Solution File, Format Version 12.00
# Visual Studio Version 16
VisualStudioVersion = 16.0.30309.148
MinimumVisualStudioVersion = 10.0.40219.1
Project("{FAE04EC0-301F-11D3-BF4B-00C04F79EFBC}") = "CarInsurance", "CarInsurance.csproj", "{CC07652A-04A0-4B44-B6DF-3FAEBB69B6AD}"
EndProject
Global
	GlobalSection(SolutionConfigurationPlatforms) = preSolution
		Debug|Any CPU = Debug|Any CPU
		Release|Any CPU = Release|Any CPU
	EndGlobalSection
	GlobalSection(ProjectConfigurationPlatforms) = postSolution
		{CC07652A-04A0-4B44-B6DF-3FAEBB69B6AD}.Debug|Any CPU.ActiveCfg = Debug|Any CPU
		{CC07652A-04A0-4B44-B6DF-3FAEBB69B6AD}.Debug|Any CPU.Build.0 = Debug|Any CPU
		{CC07652A-04A0-4B44-B6DF-3FAEBB69B6AD}.Release|Any CPU.ActiveCfg = Release|Any CPU
		{CC07652A-04A0-4B44-B6DF-3FAEBB69B6AD}.Release|Any CPU.Build.0 = Release|Any CPU
	EndGlobalSection
	GlobalSection(SolutionProperties) = preSolution
		HideSolutionNode = FALSE
	EndGlobalSection
	GlobalSection(ExtensibilityGlobals) = postSolution
		SolutionGuid = {A80F3AC9-8B03-4119-BD3C-63B32E30CD1D}
	EndGlobalSection
EndGlobal
